
Microsoft Visual Studio Solution File, Format Version 12.00
# Visual Studio Version 17
VisualStudioVersion = 17.11.35303.130
MinimumVisualStudioVersion = 10.0.40219.1
Project("{FAE04EC0-301F-11D3-BF4B-00C04F79EFBC}") = "UI_Chung", "UI_Chung.csproj", "{A39D14E6-3199-463E-847C-D8C57DDD8BBF}"
EndProject
Global
	GlobalSection(SolutionConfigurationPlatforms) = preSolution
		Debug|Any CPU = Debug|Any CPU
		Release|Any CPU = Release|Any CPU
	EndGlobalSection
	GlobalSection(ProjectConfigurationPlatforms) = postSolution
		{A39D14E6-3199-463E-847C-D8C57DDD8BBF}.Debug|Any CPU.ActiveCfg = Debug|Any CPU
		{A39D14E6-3199-463E-847C-D8C57DDD8BBF}.Debug|Any CPU.Build.0 = Debug|Any CPU
		{A39D14E6-3199-463E-847C-D8C57DDD8BBF}.Release|Any CPU.ActiveCfg = Release|Any CPU
		{A39D14E6-3199-463E-847C-D8C57DDD8BBF}.Release|Any CPU.Build.0 = Release|Any CPU
	EndGlobalSection
	GlobalSection(SolutionProperties) = preSolution
		HideSolutionNode = FALSE
	EndGlobalSection
	GlobalSection(ExtensibilityGlobals) = postSolution
		SolutionGuid = {D882DF11-666A-48FF-A704-294BFB7FD0CB}
	EndGlobalSection
EndGlobal
